
Microsoft Visual Studio Solution File, Format Version 12.00
# Visual Studio Version 16
VisualStudioVersion = 16.0.30907.101
MinimumVisualStudioVersion = 10.0.40219.1
Project("{9A19103F-16F7-4668-BE54-9A1E7A4F7556}") = "Elebris.Rpg.Library", "Elebris.Rpg.Library\Elebris.Rpg.Library.csproj", "{1467F629-F44E-4103-B30C-F000614BC604}"
EndProject
Project("{FAE04EC0-301F-11D3-BF4B-00C04F79EFBC}") = "Elebris.Library.Tests", "Elebris.Library.Tests\Elebris.Library.Tests.csproj", "{95631B99-4928-46DB-B95D-473EF3406842}"
EndProject
Project("{00D1A9C2-B5F0-4AF3-8072-F6C62B433612}") = "Elebris.Database", "Elebris.Database\Elebris.Database.sqlproj", "{1AB7FA8D-7CD2-4E5A-B81C-FAB694EA73B8}"
EndProject
Project("{9A19103F-16F7-4668-BE54-9A1E7A4F7556}") = "Elebris.Data.Manager.Library", "Elebris.Data.Manager.Library\Elebris.Data.Manager.Library.csproj", "{8BAB21C2-92BA-4418-969F-6427CA155951}"
EndProject
Project("{FAE04EC0-301F-11D3-BF4B-00C04F79EFBC}") = "CaliburnWPFApp", "CaliburnWPFApp\CaliburnWPFApp.csproj", "{1DCD92FA-955C-4405-9197-17A58740E369}"
EndProject
Project("{9A19103F-16F7-4668-BE54-9A1E7A4F7556}") = "CaliburnWPFApp.Library", "CaliburnWPFApp.Library\CaliburnWPFApp.Library.csproj", "{7310BE99-21C1-4D34-95F2-305EC2DA75DF}"
EndProject
Project("{FAE04EC0-301F-11D3-BF4B-00C04F79EFBC}") = "Elebris.Data.Manager", "Elebris.Data.Manager\Elebris.Data.Manager.csproj", "{CB0F49D4-6153-4945-9EB6-0EF5451C2282}"
EndProject
Project("{2150E333-8FDC-42A3-9474-1A3956D46DE8}") = "Core", "Core", "{36C907BD-5774-4651-862E-4C6490640A58}"
EndProject
Project("{2150E333-8FDC-42A3-9474-1A3956D46DE8}") = "WPF", "WPF", "{9ED203BA-62CE-49B9-916F-9FA82D76DC0E}"
EndProject
Project("{2150E333-8FDC-42A3-9474-1A3956D46DE8}") = "Database", "Database", "{94219CBE-0E3B-4638-9B0E-599C42BE2B90}"
EndProject
Project("{2150E333-8FDC-42A3-9474-1A3956D46DE8}") = "API", "API", "{2E948236-16F0-4A2A-B20E-379A123A049E}"
EndProject
Project("{2150E333-8FDC-42A3-9474-1A3956D46DE8}") = "Tests", "Tests", "{1E587066-5840-4AC7-AD79-4D84284BD653}"
EndProject
Project("{FAE04EC0-301F-11D3-BF4B-00C04F79EFBC}") = "ElebrisApi", "ElebrisApi\ElebrisApi.csproj", "{0C8890D3-68FF-467A-A58C-E4D9B9E1C808}"
EndProject
Global
	GlobalSection(SolutionConfigurationPlatforms) = preSolution
		Debug|Any CPU = Debug|Any CPU
		Release|Any CPU = Release|Any CPU
	EndGlobalSection
	GlobalSection(ProjectConfigurationPlatforms) = postSolution
		{1467F629-F44E-4103-B30C-F000614BC604}.Debug|Any CPU.ActiveCfg = Debug|Any CPU
		{1467F629-F44E-4103-B30C-F000614BC604}.Debug|Any CPU.Build.0 = Debug|Any CPU
		{1467F629-F44E-4103-B30C-F000614BC604}.Release|Any CPU.ActiveCfg = Release|Any CPU
		{1467F629-F44E-4103-B30C-F000614BC604}.Release|Any CPU.Build.0 = Release|Any CPU
		{95631B99-4928-46DB-B95D-473EF3406842}.Debug|Any CPU.ActiveCfg = Debug|Any CPU
		{95631B99-4928-46DB-B95D-473EF3406842}.Debug|Any CPU.Build.0 = Debug|Any CPU
		{95631B99-4928-46DB-B95D-473EF3406842}.Release|Any CPU.ActiveCfg = Release|Any CPU
		{95631B99-4928-46DB-B95D-473EF3406842}.Release|Any CPU.Build.0 = Release|Any CPU
		{1AB7FA8D-7CD2-4E5A-B81C-FAB694EA73B8}.Debug|Any CPU.ActiveCfg = Debug|Any CPU
		{1AB7FA8D-7CD2-4E5A-B81C-FAB694EA73B8}.Debug|Any CPU.Build.0 = Debug|Any CPU
		{1AB7FA8D-7CD2-4E5A-B81C-FAB694EA73B8}.Debug|Any CPU.Deploy.0 = Debug|Any CPU
		{1AB7FA8D-7CD2-4E5A-B81C-FAB694EA73B8}.Release|Any CPU.ActiveCfg = Release|Any CPU
		{1AB7FA8D-7CD2-4E5A-B81C-FAB694EA73B8}.Release|Any CPU.Build.0 = Release|Any CPU
		{1AB7FA8D-7CD2-4E5A-B81C-FAB694EA73B8}.Release|Any CPU.Deploy.0 = Release|Any CPU
		{8BAB21C2-92BA-4418-969F-6427CA155951}.Debug|Any CPU.ActiveCfg = Debug|Any CPU
		{8BAB21C2-92BA-4418-969F-6427CA155951}.Debug|Any CPU.Build.0 = Debug|Any CPU
		{8BAB21C2-92BA-4418-969F-6427CA155951}.Release|Any CPU.ActiveCfg = Release|Any CPU
		{8BAB21C2-92BA-4418-969F-6427CA155951}.Release|Any CPU.Build.0 = Release|Any CPU
		{1DCD92FA-955C-4405-9197-17A58740E369}.Debug|Any CPU.ActiveCfg = Debug|Any CPU
		{1DCD92FA-955C-4405-9197-17A58740E369}.Debug|Any CPU.Build.0 = Debug|Any CPU
		{1DCD92FA-955C-4405-9197-17A58740E369}.Release|Any CPU.ActiveCfg = Release|Any CPU
		{1DCD92FA-955C-4405-9197-17A58740E369}.Release|Any CPU.Build.0 = Release|Any CPU
		{7310BE99-21C1-4D34-95F2-305EC2DA75DF}.Debug|Any CPU.ActiveCfg = Debug|Any CPU
		{7310BE99-21C1-4D34-95F2-305EC2DA75DF}.Debug|Any CPU.Build.0 = Debug|Any CPU
		{7310BE99-21C1-4D34-95F2-305EC2DA75DF}.Release|Any CPU.ActiveCfg = Release|Any CPU
		{7310BE99-21C1-4D34-95F2-305EC2DA75DF}.Release|Any CPU.Build.0 = Release|Any CPU
		{CB0F49D4-6153-4945-9EB6-0EF5451C2282}.Debug|Any CPU.ActiveCfg = Debug|Any CPU
		{CB0F49D4-6153-4945-9EB6-0EF5451C2282}.Debug|Any CPU.Build.0 = Debug|Any CPU
		{CB0F49D4-6153-4945-9EB6-0EF5451C2282}.Release|Any CPU.ActiveCfg = Release|Any CPU
		{CB0F49D4-6153-4945-9EB6-0EF5451C2282}.Release|Any CPU.Build.0 = Release|Any CPU
		{0C8890D3-68FF-467A-A58C-E4D9B9E1C808}.Debug|Any CPU.ActiveCfg = Debug|Any CPU
		{0C8890D3-68FF-467A-A58C-E4D9B9E1C808}.Debug|Any CPU.Build.0 = Debug|Any CPU
		{0C8890D3-68FF-467A-A58C-E4D9B9E1C808}.Release|Any CPU.ActiveCfg = Release|Any CPU
		{0C8890D3-68FF-467A-A58C-E4D9B9E1C808}.Release|Any CPU.Build.0 = Release|Any CPU
	EndGlobalSection
	GlobalSection(SolutionProperties) = preSolution
		HideSolutionNode = FALSE
	EndGlobalSection
	GlobalSection(NestedProjects) = preSolution
		{1467F629-F44E-4103-B30C-F000614BC604} = {36C907BD-5774-4651-862E-4C6490640A58}
		{95631B99-4928-46DB-B95D-473EF3406842} = {1E587066-5840-4AC7-AD79-4D84284BD653}
		{1AB7FA8D-7CD2-4E5A-B81C-FAB694EA73B8} = {94219CBE-0E3B-4638-9B0E-599C42BE2B90}
		{8BAB21C2-92BA-4418-969F-6427CA155951} = {2E948236-16F0-4A2A-B20E-379A123A049E}
		{1DCD92FA-955C-4405-9197-17A58740E369} = {9ED203BA-62CE-49B9-916F-9FA82D76DC0E}
		{7310BE99-21C1-4D34-95F2-305EC2DA75DF} = {9ED203BA-62CE-49B9-916F-9FA82D76DC0E}
		{CB0F49D4-6153-4945-9EB6-0EF5451C2282} = {2E948236-16F0-4A2A-B20E-379A123A049E}
		{0C8890D3-68FF-467A-A58C-E4D9B9E1C808} = {2E948236-16F0-4A2A-B20E-379A123A049E}
	EndGlobalSection
	GlobalSection(ExtensibilityGlobals) = postSolution
		SolutionGuid = {267A787A-7EF1-4792-B7A5-AC0B2306E506}
	EndGlobalSection
EndGlobal
